// !$*UTF8*$!
{
	archiveVersion = 1;
	classes = {
	};
	objectVersion = 56;
	objects = {

/* Begin PBXBuildFile section */
		F945A2332B36CF7F00D27AA6 /* DetailsForecastItemView.swift in Sources */ = {isa = PBXBuildFile; fileRef = F945A2322B36CF7F00D27AA6 /* DetailsForecastItemView.swift */; };
		F945A2352B36CFFC00D27AA6 /* DetailsForecastItemViewModel.swift in Sources */ = {isa = PBXBuildFile; fileRef = F945A2342B36CFFC00D27AA6 /* DetailsForecastItemViewModel.swift */; };
		F945A2372B36D88900D27AA6 /* NavigationBarModifiers.swift in Sources */ = {isa = PBXBuildFile; fileRef = F945A2362B36D88900D27AA6 /* NavigationBarModifiers.swift */; };
		F945A2392B36DAFB00D27AA6 /* WeatherProvider.swift in Sources */ = {isa = PBXBuildFile; fileRef = F945A2382B36DAFB00D27AA6 /* WeatherProvider.swift */; };
		F945A23B2B36DB9E00D27AA6 /* NetworkStatusChecker.swift in Sources */ = {isa = PBXBuildFile; fileRef = F945A23A2B36DB9E00D27AA6 /* NetworkStatusChecker.swift */; };
		F945A23E2B36DE3A00D27AA6 /* DataStorageProtocol.swift in Sources */ = {isa = PBXBuildFile; fileRef = F945A23D2B36DE3A00D27AA6 /* DataStorageProtocol.swift */; };
		F963DCBC2B35A906001373A1 /* ApiConstants.swift in Sources */ = {isa = PBXBuildFile; fileRef = F963DCBB2B35A906001373A1 /* ApiConstants.swift */; };
		F963DCC32B35B837001373A1 /* Alamofire in Frameworks */ = {isa = PBXBuildFile; productRef = F963DCC22B35B837001373A1 /* Alamofire */; };
		F963DCC52B35C978001373A1 /* APIKeys.json in Resources */ = {isa = PBXBuildFile; fileRef = F963DCC42B35C978001373A1 /* APIKeys.json */; settings = {ASSET_TAGS = (APIKeys, ); }; };
		F963DCC82B35CF1B001373A1 /* DashboardViewModel.swift in Sources */ = {isa = PBXBuildFile; fileRef = F963DCC72B35CF1B001373A1 /* DashboardViewModel.swift */; };
		F963DCCA2B360BD1001373A1 /* DashboardDailyItemView.swift in Sources */ = {isa = PBXBuildFile; fileRef = F963DCC92B360BD1001373A1 /* DashboardDailyItemView.swift */; };
		F963DCCC2B3610C5001373A1 /* GlobalContants.swift in Sources */ = {isa = PBXBuildFile; fileRef = F963DCCB2B3610C5001373A1 /* GlobalContants.swift */; };
		F963DCD02B363729001373A1 /* DetailsView.swift in Sources */ = {isa = PBXBuildFile; fileRef = F963DCCF2B363729001373A1 /* DetailsView.swift */; };
		F963DCD22B363747001373A1 /* DetailsViewModel.swift in Sources */ = {isa = PBXBuildFile; fileRef = F963DCD12B363747001373A1 /* DetailsViewModel.swift */; };
		F963DCD42B363757001373A1 /* ForecastDayItem.swift in Sources */ = {isa = PBXBuildFile; fileRef = F963DCD32B363757001373A1 /* ForecastDayItem.swift */; };
		F963DCD62B363CD5001373A1 /* MockWeatherService.swift in Sources */ = {isa = PBXBuildFile; fileRef = F963DCD52B363CD5001373A1 /* MockWeatherService.swift */; };
		F963DCD82B363D54001373A1 /* mock_forecast.json in Sources */ = {isa = PBXBuildFile; fileRef = F963DCD72B363D54001373A1 /* mock_forecast.json */; };
		F963DCDA2B363E01001373A1 /* DashboardViewModelTests.swift in Sources */ = {isa = PBXBuildFile; fileRef = F963DCD92B363E01001373A1 /* DashboardViewModelTests.swift */; };
		F963DCDC2B3640A6001373A1 /* WeatherServiceTests.swift in Sources */ = {isa = PBXBuildFile; fileRef = F963DCDB2B3640A6001373A1 /* WeatherServiceTests.swift */; };
		F963DCDE2B36458D001373A1 /* mock_forecast.json in Resources */ = {isa = PBXBuildFile; fileRef = F963DCD72B363D54001373A1 /* mock_forecast.json */; };
		F963DCE02B364613001373A1 /* XCTestCase+Json.swift in Sources */ = {isa = PBXBuildFile; fileRef = F963DCDF2B364613001373A1 /* XCTestCase+Json.swift */; };
		F9DB50402B34A0C300863092 /* WeatherApp.swift in Sources */ = {isa = PBXBuildFile; fileRef = F9DB503F2B34A0C300863092 /* WeatherApp.swift */; };
		F9DB50422B34A0C300863092 /* DashboardView.swift in Sources */ = {isa = PBXBuildFile; fileRef = F9DB50412B34A0C300863092 /* DashboardView.swift */; };
		F9DB50442B34A0C500863092 /* Assets.xcassets in Resources */ = {isa = PBXBuildFile; fileRef = F9DB50432B34A0C500863092 /* Assets.xcassets */; };
		F9DB50472B34A0C500863092 /* Preview Assets.xcassets in Resources */ = {isa = PBXBuildFile; fileRef = F9DB50462B34A0C500863092 /* Preview Assets.xcassets */; };
		F9DB505B2B34A0C500863092 /* WeatherAppUITests.swift in Sources */ = {isa = PBXBuildFile; fileRef = F9DB505A2B34A0C500863092 /* WeatherAppUITests.swift */; };
		F9DB505D2B34A0C500863092 /* WeatherAppUITestsLaunchTests.swift in Sources */ = {isa = PBXBuildFile; fileRef = F9DB505C2B34A0C500863092 /* WeatherAppUITestsLaunchTests.swift */; };
		F9DB506B2B34A17D00863092 /* TextViewModifiers.swift in Sources */ = {isa = PBXBuildFile; fileRef = F9DB506A2B34A17D00863092 /* TextViewModifiers.swift */; };
		F9DB506D2B34A1D600863092 /* ButtonViewModifiers.swift in Sources */ = {isa = PBXBuildFile; fileRef = F9DB506C2B34A1D600863092 /* ButtonViewModifiers.swift */; };
		F9DB506F2B34A20600863092 /* GeneralViewModifiers.swift in Sources */ = {isa = PBXBuildFile; fileRef = F9DB506E2B34A20600863092 /* GeneralViewModifiers.swift */; };
		F9DB50752B34A9F600863092 /* ForecastModel.swift in Sources */ = {isa = PBXBuildFile; fileRef = F9DB50742B34A9F600863092 /* ForecastModel.swift */; };
		F9DB507A2B34B6AC00863092 /* WeatherNetworkingService.swift in Sources */ = {isa = PBXBuildFile; fileRef = F9DB50792B34B6AC00863092 /* WeatherNetworkingService.swift */; };
/* End PBXBuildFile section */

/* Begin PBXContainerItemProxy section */
		F9DB504D2B34A0C500863092 /* PBXContainerItemProxy */ = {
			isa = PBXContainerItemProxy;
			containerPortal = F9DB50342B34A0C300863092 /* Project object */;
			proxyType = 1;
			remoteGlobalIDString = F9DB503B2B34A0C300863092;
			remoteInfo = WeatherApp;
		};
		F9DB50572B34A0C500863092 /* PBXContainerItemProxy */ = {
			isa = PBXContainerItemProxy;
			containerPortal = F9DB50342B34A0C300863092 /* Project object */;
			proxyType = 1;
			remoteGlobalIDString = F9DB503B2B34A0C300863092;
			remoteInfo = WeatherApp;
		};
/* End PBXContainerItemProxy section */

/* Begin PBXFileReference section */
		F945A2322B36CF7F00D27AA6 /* DetailsForecastItemView.swift */ = {isa = PBXFileReference; lastKnownFileType = sourcecode.swift; path = DetailsForecastItemView.swift; sourceTree = "<group>"; };
		F945A2342B36CFFC00D27AA6 /* DetailsForecastItemViewModel.swift */ = {isa = PBXFileReference; lastKnownFileType = sourcecode.swift; path = DetailsForecastItemViewModel.swift; sourceTree = "<group>"; };
		F945A2362B36D88900D27AA6 /* NavigationBarModifiers.swift */ = {isa = PBXFileReference; lastKnownFileType = sourcecode.swift; path = NavigationBarModifiers.swift; sourceTree = "<group>"; };
		F945A2382B36DAFB00D27AA6 /* WeatherProvider.swift */ = {isa = PBXFileReference; lastKnownFileType = sourcecode.swift; path = WeatherProvider.swift; sourceTree = "<group>"; };
		F945A23A2B36DB9E00D27AA6 /* NetworkStatusChecker.swift */ = {isa = PBXFileReference; lastKnownFileType = sourcecode.swift; path = NetworkStatusChecker.swift; sourceTree = "<group>"; };
		F945A23D2B36DE3A00D27AA6 /* DataStorageProtocol.swift */ = {isa = PBXFileReference; lastKnownFileType = sourcecode.swift; path = DataStorageProtocol.swift; sourceTree = "<group>"; };
		F963DCBB2B35A906001373A1 /* ApiConstants.swift */ = {isa = PBXFileReference; lastKnownFileType = sourcecode.swift; path = ApiConstants.swift; sourceTree = "<group>"; };
		F963DCC42B35C978001373A1 /* APIKeys.json */ = {isa = PBXFileReference; lastKnownFileType = text.json; path = APIKeys.json; sourceTree = "<group>"; };
		F963DCC72B35CF1B001373A1 /* DashboardViewModel.swift */ = {isa = PBXFileReference; lastKnownFileType = sourcecode.swift; path = DashboardViewModel.swift; sourceTree = "<group>"; };
		F963DCC92B360BD1001373A1 /* DashboardDailyItemView.swift */ = {isa = PBXFileReference; lastKnownFileType = sourcecode.swift; path = DashboardDailyItemView.swift; sourceTree = "<group>"; };
		F963DCCB2B3610C5001373A1 /* GlobalContants.swift */ = {isa = PBXFileReference; lastKnownFileType = sourcecode.swift; path = GlobalContants.swift; sourceTree = "<group>"; };
		F963DCCF2B363729001373A1 /* DetailsView.swift */ = {isa = PBXFileReference; lastKnownFileType = sourcecode.swift; path = DetailsView.swift; sourceTree = "<group>"; };
		F963DCD12B363747001373A1 /* DetailsViewModel.swift */ = {isa = PBXFileReference; lastKnownFileType = sourcecode.swift; path = DetailsViewModel.swift; sourceTree = "<group>"; };
		F963DCD32B363757001373A1 /* ForecastDayItem.swift */ = {isa = PBXFileReference; lastKnownFileType = sourcecode.swift; path = ForecastDayItem.swift; sourceTree = "<group>"; };
		F963DCD52B363CD5001373A1 /* MockWeatherService.swift */ = {isa = PBXFileReference; lastKnownFileType = sourcecode.swift; path = MockWeatherService.swift; sourceTree = "<group>"; };
		F963DCD72B363D54001373A1 /* mock_forecast.json */ = {isa = PBXFileReference; lastKnownFileType = text.json; path = mock_forecast.json; sourceTree = "<group>"; };
		F963DCD92B363E01001373A1 /* DashboardViewModelTests.swift */ = {isa = PBXFileReference; lastKnownFileType = sourcecode.swift; path = DashboardViewModelTests.swift; sourceTree = "<group>"; };
		F963DCDB2B3640A6001373A1 /* WeatherServiceTests.swift */ = {isa = PBXFileReference; lastKnownFileType = sourcecode.swift; path = WeatherServiceTests.swift; sourceTree = "<group>"; };
		F963DCDF2B364613001373A1 /* XCTestCase+Json.swift */ = {isa = PBXFileReference; lastKnownFileType = sourcecode.swift; path = "XCTestCase+Json.swift"; sourceTree = "<group>"; };
		F9DB503C2B34A0C300863092 /* WeatherApp.app */ = {isa = PBXFileReference; explicitFileType = wrapper.application; includeInIndex = 0; path = WeatherApp.app; sourceTree = BUILT_PRODUCTS_DIR; };
		F9DB503F2B34A0C300863092 /* WeatherApp.swift */ = {isa = PBXFileReference; lastKnownFileType = sourcecode.swift; path = WeatherApp.swift; sourceTree = "<group>"; };
		F9DB50412B34A0C300863092 /* DashboardView.swift */ = {isa = PBXFileReference; lastKnownFileType = sourcecode.swift; path = DashboardView.swift; sourceTree = "<group>"; };
		F9DB50432B34A0C500863092 /* Assets.xcassets */ = {isa = PBXFileReference; lastKnownFileType = folder.assetcatalog; path = Assets.xcassets; sourceTree = "<group>"; };
		F9DB50462B34A0C500863092 /* Preview Assets.xcassets */ = {isa = PBXFileReference; lastKnownFileType = folder.assetcatalog; path = "Preview Assets.xcassets"; sourceTree = "<group>"; };
		F9DB504C2B34A0C500863092 /* WeatherAppTests.xctest */ = {isa = PBXFileReference; explicitFileType = wrapper.cfbundle; includeInIndex = 0; path = WeatherAppTests.xctest; sourceTree = BUILT_PRODUCTS_DIR; };
		F9DB50562B34A0C500863092 /* WeatherAppUITests.xctest */ = {isa = PBXFileReference; explicitFileType = wrapper.cfbundle; includeInIndex = 0; path = WeatherAppUITests.xctest; sourceTree = BUILT_PRODUCTS_DIR; };
		F9DB505A2B34A0C500863092 /* WeatherAppUITests.swift */ = {isa = PBXFileReference; lastKnownFileType = sourcecode.swift; path = WeatherAppUITests.swift; sourceTree = "<group>"; };
		F9DB505C2B34A0C500863092 /* WeatherAppUITestsLaunchTests.swift */ = {isa = PBXFileReference; lastKnownFileType = sourcecode.swift; path = WeatherAppUITestsLaunchTests.swift; sourceTree = "<group>"; };
		F9DB506A2B34A17D00863092 /* TextViewModifiers.swift */ = {isa = PBXFileReference; lastKnownFileType = sourcecode.swift; path = TextViewModifiers.swift; sourceTree = "<group>"; };
		F9DB506C2B34A1D600863092 /* ButtonViewModifiers.swift */ = {isa = PBXFileReference; lastKnownFileType = sourcecode.swift; path = ButtonViewModifiers.swift; sourceTree = "<group>"; };
		F9DB506E2B34A20600863092 /* GeneralViewModifiers.swift */ = {isa = PBXFileReference; lastKnownFileType = sourcecode.swift; path = GeneralViewModifiers.swift; sourceTree = "<group>"; };
		F9DB50742B34A9F600863092 /* ForecastModel.swift */ = {isa = PBXFileReference; lastKnownFileType = sourcecode.swift; path = ForecastModel.swift; sourceTree = "<group>"; };
		F9DB50792B34B6AC00863092 /* WeatherNetworkingService.swift */ = {isa = PBXFileReference; lastKnownFileType = sourcecode.swift; path = WeatherNetworkingService.swift; sourceTree = "<group>"; };
/* End PBXFileReference section */

/* Begin PBXFrameworksBuildPhase section */
		F9DB50392B34A0C300863092 /* Frameworks */ = {
			isa = PBXFrameworksBuildPhase;
			buildActionMask = 2147483647;
			files = (
				F963DCC32B35B837001373A1 /* Alamofire in Frameworks */,
			);
			runOnlyForDeploymentPostprocessing = 0;
		};
		F9DB50492B34A0C500863092 /* Frameworks */ = {
			isa = PBXFrameworksBuildPhase;
			buildActionMask = 2147483647;
			files = (
			);
			runOnlyForDeploymentPostprocessing = 0;
		};
		F9DB50532B34A0C500863092 /* Frameworks */ = {
			isa = PBXFrameworksBuildPhase;
			buildActionMask = 2147483647;
			files = (
			);
			runOnlyForDeploymentPostprocessing = 0;
		};
/* End PBXFrameworksBuildPhase section */

/* Begin PBXGroup section */
		F945A23C2B36DE2F00D27AA6 /* DataStorage */ = {
			isa = PBXGroup;
			children = (
				F945A23D2B36DE3A00D27AA6 /* DataStorageProtocol.swift */,
			);
			path = DataStorage;
			sourceTree = "<group>";
		};
		F963DCC62B35CED2001373A1 /* Views */ = {
			isa = PBXGroup;
			children = (
				F963DCCD2B3636DE001373A1 /* DashboardView */,
				F963DCCE2B3636EC001373A1 /* DetailsView */,
			);
			path = Views;
			sourceTree = "<group>";
		};
		F963DCCD2B3636DE001373A1 /* DashboardView */ = {
			isa = PBXGroup;
			children = (
				F9DB50412B34A0C300863092 /* DashboardView.swift */,
				F963DCC92B360BD1001373A1 /* DashboardDailyItemView.swift */,
				F963DCC72B35CF1B001373A1 /* DashboardViewModel.swift */,
				F963DCD32B363757001373A1 /* ForecastDayItem.swift */,
			);
			path = DashboardView;
			sourceTree = "<group>";
		};
		F963DCCE2B3636EC001373A1 /* DetailsView */ = {
			isa = PBXGroup;
			children = (
				F963DCCF2B363729001373A1 /* DetailsView.swift */,
				F945A2322B36CF7F00D27AA6 /* DetailsForecastItemView.swift */,
				F963DCD12B363747001373A1 /* DetailsViewModel.swift */,
				F945A2342B36CFFC00D27AA6 /* DetailsForecastItemViewModel.swift */,
			);
			path = DetailsView;
			sourceTree = "<group>";
		};
		F9DB50332B34A0C300863092 = {
			isa = PBXGroup;
			children = (
				F9DB503E2B34A0C300863092 /* WeatherApp */,
				F9DB504F2B34A0C500863092 /* WeatherAppTests */,
				F9DB50592B34A0C500863092 /* WeatherAppUITests */,
				F9DB503D2B34A0C300863092 /* Products */,
			);
			sourceTree = "<group>";
		};
		F9DB503D2B34A0C300863092 /* Products */ = {
			isa = PBXGroup;
			children = (
				F9DB503C2B34A0C300863092 /* WeatherApp.app */,
				F9DB504C2B34A0C500863092 /* WeatherAppTests.xctest */,
				F9DB50562B34A0C500863092 /* WeatherAppUITests.xctest */,
			);
			name = Products;
			sourceTree = "<group>";
		};
		F9DB503E2B34A0C300863092 /* WeatherApp */ = {
			isa = PBXGroup;
			children = (
				F945A23C2B36DE2F00D27AA6 /* DataStorage */,
				F9DB50782B34B69700863092 /* WeatherAPI */,
				F963DCC62B35CED2001373A1 /* Views */,
				F9DB50692B34A16C00863092 /* ViewModifiers */,
				F9DB503F2B34A0C300863092 /* WeatherApp.swift */,
				F9DB50432B34A0C500863092 /* Assets.xcassets */,
				F9DB50452B34A0C500863092 /* Preview Content */,
				F963DCCB2B3610C5001373A1 /* GlobalContants.swift */,
			);
			path = WeatherApp;
			sourceTree = "<group>";
		};
		F9DB50452B34A0C500863092 /* Preview Content */ = {
			isa = PBXGroup;
			children = (
				F9DB50462B34A0C500863092 /* Preview Assets.xcassets */,
			);
			path = "Preview Content";
			sourceTree = "<group>";
		};
		F9DB504F2B34A0C500863092 /* WeatherAppTests */ = {
			isa = PBXGroup;
			children = (
				F963DCD92B363E01001373A1 /* DashboardViewModelTests.swift */,
				F963DCDB2B3640A6001373A1 /* WeatherServiceTests.swift */,
				F963DCD52B363CD5001373A1 /* MockWeatherService.swift */,
				F963DCD72B363D54001373A1 /* mock_forecast.json */,
				F963DCDF2B364613001373A1 /* XCTestCase+Json.swift */,
			);
			path = WeatherAppTests;
			sourceTree = "<group>";
		};
		F9DB50592B34A0C500863092 /* WeatherAppUITests */ = {
			isa = PBXGroup;
			children = (
				F9DB505A2B34A0C500863092 /* WeatherAppUITests.swift */,
				F9DB505C2B34A0C500863092 /* WeatherAppUITestsLaunchTests.swift */,
			);
			path = WeatherAppUITests;
			sourceTree = "<group>";
		};
		F9DB50692B34A16C00863092 /* ViewModifiers */ = {
			isa = PBXGroup;
			children = (
				F9DB506A2B34A17D00863092 /* TextViewModifiers.swift */,
				F9DB506C2B34A1D600863092 /* ButtonViewModifiers.swift */,
				F9DB506E2B34A20600863092 /* GeneralViewModifiers.swift */,
				F945A2362B36D88900D27AA6 /* NavigationBarModifiers.swift */,
			);
			path = ViewModifiers;
			sourceTree = "<group>";
		};
		F9DB50732B34A9E600863092 /* Models */ = {
			isa = PBXGroup;
			children = (
				F9DB50742B34A9F600863092 /* ForecastModel.swift */,
			);
			path = Models;
			sourceTree = "<group>";
		};
		F9DB50782B34B69700863092 /* WeatherAPI */ = {
			isa = PBXGroup;
			children = (
				F9DB50732B34A9E600863092 /* Models */,
				F9DB50792B34B6AC00863092 /* WeatherNetworkingService.swift */,
				F945A2382B36DAFB00D27AA6 /* WeatherProvider.swift */,
				F963DCBB2B35A906001373A1 /* ApiConstants.swift */,
				F963DCC42B35C978001373A1 /* APIKeys.json */,
				F945A23A2B36DB9E00D27AA6 /* NetworkStatusChecker.swift */,
			);
			path = WeatherAPI;
			sourceTree = "<group>";
		};
/* End PBXGroup section */

/* Begin PBXNativeTarget section */
		F9DB503B2B34A0C300863092 /* WeatherApp */ = {
			isa = PBXNativeTarget;
			buildConfigurationList = F9DB50602B34A0C500863092 /* Build configuration list for PBXNativeTarget "WeatherApp" */;
			buildPhases = (
				F9DB50382B34A0C300863092 /* Sources */,
				F9DB50392B34A0C300863092 /* Frameworks */,
				F9DB503A2B34A0C300863092 /* Resources */,
			);
			buildRules = (
			);
			dependencies = (
			);
			name = WeatherApp;
			packageProductDependencies = (
				F963DCC22B35B837001373A1 /* Alamofire */,
			);
			productName = WeatherApp;
			productReference = F9DB503C2B34A0C300863092 /* WeatherApp.app */;
			productType = "com.apple.product-type.application";
		};
		F9DB504B2B34A0C500863092 /* WeatherAppTests */ = {
			isa = PBXNativeTarget;
			buildConfigurationList = F9DB50632B34A0C500863092 /* Build configuration list for PBXNativeTarget "WeatherAppTests" */;
			buildPhases = (
				F9DB50482B34A0C500863092 /* Sources */,
				F9DB50492B34A0C500863092 /* Frameworks */,
				F9DB504A2B34A0C500863092 /* Resources */,
			);
			buildRules = (
			);
			dependencies = (
				F9DB504E2B34A0C500863092 /* PBXTargetDependency */,
			);
			name = WeatherAppTests;
			productName = WeatherAppTests;
			productReference = F9DB504C2B34A0C500863092 /* WeatherAppTests.xctest */;
			productType = "com.apple.product-type.bundle.unit-test";
		};
		F9DB50552B34A0C500863092 /* WeatherAppUITests */ = {
			isa = PBXNativeTarget;
			buildConfigurationList = F9DB50662B34A0C500863092 /* Build configuration list for PBXNativeTarget "WeatherAppUITests" */;
			buildPhases = (
				F9DB50522B34A0C500863092 /* Sources */,
				F9DB50532B34A0C500863092 /* Frameworks */,
				F9DB50542B34A0C500863092 /* Resources */,
			);
			buildRules = (
			);
			dependencies = (
				F9DB50582B34A0C500863092 /* PBXTargetDependency */,
			);
			name = WeatherAppUITests;
			productName = WeatherAppUITests;
			productReference = F9DB50562B34A0C500863092 /* WeatherAppUITests.xctest */;
			productType = "com.apple.product-type.bundle.ui-testing";
		};
/* End PBXNativeTarget section */

/* Begin PBXProject section */
		F9DB50342B34A0C300863092 /* Project object */ = {
			isa = PBXProject;
			attributes = {
				BuildIndependentTargetsInParallel = 1;
				KnownAssetTags = (
					APIKeys,
				);
				LastSwiftUpdateCheck = 1500;
				LastUpgradeCheck = 1500;
				TargetAttributes = {
					F9DB503B2B34A0C300863092 = {
						CreatedOnToolsVersion = 15.0;
					};
					F9DB504B2B34A0C500863092 = {
						CreatedOnToolsVersion = 15.0;
						TestTargetID = F9DB503B2B34A0C300863092;
					};
					F9DB50552B34A0C500863092 = {
						CreatedOnToolsVersion = 15.0;
						TestTargetID = F9DB503B2B34A0C300863092;
					};
				};
			};
			buildConfigurationList = F9DB50372B34A0C300863092 /* Build configuration list for PBXProject "WeatherApp" */;
			compatibilityVersion = "Xcode 14.0";
			developmentRegion = en;
			hasScannedForEncodings = 0;
			knownRegions = (
				en,
				Base,
			);
			mainGroup = F9DB50332B34A0C300863092;
			packageReferences = (
				F963DCC12B35B837001373A1 /* XCRemoteSwiftPackageReference "Alamofire" */,
			);
			productRefGroup = F9DB503D2B34A0C300863092 /* Products */;
			projectDirPath = "";
			projectRoot = "";
			targets = (
				F9DB503B2B34A0C300863092 /* WeatherApp */,
				F9DB504B2B34A0C500863092 /* WeatherAppTests */,
				F9DB50552B34A0C500863092 /* WeatherAppUITests */,
			);
		};
/* End PBXProject section */

/* Begin PBXResourcesBuildPhase section */
		F9DB503A2B34A0C300863092 /* Resources */ = {
			isa = PBXResourcesBuildPhase;
			buildActionMask = 2147483647;
			files = (
				F9DB50472B34A0C500863092 /* Preview Assets.xcassets in Resources */,
				F9DB50442B34A0C500863092 /* Assets.xcassets in Resources */,
				F963DCC52B35C978001373A1 /* APIKeys.json in Resources */,
			);
			runOnlyForDeploymentPostprocessing = 0;
		};
		F9DB504A2B34A0C500863092 /* Resources */ = {
			isa = PBXResourcesBuildPhase;
			buildActionMask = 2147483647;
			files = (
				F963DCDE2B36458D001373A1 /* mock_forecast.json in Resources */,
			);
			runOnlyForDeploymentPostprocessing = 0;
		};
		F9DB50542B34A0C500863092 /* Resources */ = {
			isa = PBXResourcesBuildPhase;
			buildActionMask = 2147483647;
			files = (
			);
			runOnlyForDeploymentPostprocessing = 0;
		};
/* End PBXResourcesBuildPhase section */

/* Begin PBXSourcesBuildPhase section */
		F9DB50382B34A0C300863092 /* Sources */ = {
			isa = PBXSourcesBuildPhase;
			buildActionMask = 2147483647;
			files = (
				F945A2392B36DAFB00D27AA6 /* WeatherProvider.swift in Sources */,
				F945A23E2B36DE3A00D27AA6 /* DataStorageProtocol.swift in Sources */,
				F9DB50422B34A0C300863092 /* DashboardView.swift in Sources */,
				F9DB506D2B34A1D600863092 /* ButtonViewModifiers.swift in Sources */,
				F9DB507A2B34B6AC00863092 /* WeatherNetworkingService.swift in Sources */,
				F963DCC82B35CF1B001373A1 /* DashboardViewModel.swift in Sources */,
				F963DCD22B363747001373A1 /* DetailsViewModel.swift in Sources */,
				F9DB506B2B34A17D00863092 /* TextViewModifiers.swift in Sources */,
				F963DCD02B363729001373A1 /* DetailsView.swift in Sources */,
				F963DCCC2B3610C5001373A1 /* GlobalContants.swift in Sources */,
				F945A2372B36D88900D27AA6 /* NavigationBarModifiers.swift in Sources */,
				F963DCD42B363757001373A1 /* ForecastDayItem.swift in Sources */,
				F945A2352B36CFFC00D27AA6 /* DetailsForecastItemViewModel.swift in Sources */,
				F9DB506F2B34A20600863092 /* GeneralViewModifiers.swift in Sources */,
				F945A23B2B36DB9E00D27AA6 /* NetworkStatusChecker.swift in Sources */,
				F963DCCA2B360BD1001373A1 /* DashboardDailyItemView.swift in Sources */,
				F963DCBC2B35A906001373A1 /* ApiConstants.swift in Sources */,
				F9DB50402B34A0C300863092 /* WeatherApp.swift in Sources */,
				F945A2332B36CF7F00D27AA6 /* DetailsForecastItemView.swift in Sources */,
				F9DB50752B34A9F600863092 /* ForecastModel.swift in Sources */,
			);
			runOnlyForDeploymentPostprocessing = 0;
		};
		F9DB50482B34A0C500863092 /* Sources */ = {
			isa = PBXSourcesBuildPhase;
			buildActionMask = 2147483647;
			files = (
				F963DCDC2B3640A6001373A1 /* WeatherServiceTests.swift in Sources */,
				F963DCD62B363CD5001373A1 /* MockWeatherService.swift in Sources */,
				F963DCD82B363D54001373A1 /* mock_forecast.json in Sources */,
				F963DCDA2B363E01001373A1 /* DashboardViewModelTests.swift in Sources */,
				F963DCE02B364613001373A1 /* XCTestCase+Json.swift in Sources */,
			);
			runOnlyForDeploymentPostprocessing = 0;
		};
		F9DB50522B34A0C500863092 /* Sources */ = {
			isa = PBXSourcesBuildPhase;
			buildActionMask = 2147483647;
			files = (
				F9DB505B2B34A0C500863092 /* WeatherAppUITests.swift in Sources */,
				F9DB505D2B34A0C500863092 /* WeatherAppUITestsLaunchTests.swift in Sources */,
			);
			runOnlyForDeploymentPostprocessing = 0;
		};
/* End PBXSourcesBuildPhase section */

/* Begin PBXTargetDependency section */
		F9DB504E2B34A0C500863092 /* PBXTargetDependency */ = {
			isa = PBXTargetDependency;
			target = F9DB503B2B34A0C300863092 /* WeatherApp */;
			targetProxy = F9DB504D2B34A0C500863092 /* PBXContainerItemProxy */;
		};
		F9DB50582B34A0C500863092 /* PBXTargetDependency */ = {
			isa = PBXTargetDependency;
			target = F9DB503B2B34A0C300863092 /* WeatherApp */;
			targetProxy = F9DB50572B34A0C500863092 /* PBXContainerItemProxy */;
		};
/* End PBXTargetDependency section */

/* Begin XCBuildConfiguration section */
		F9DB505E2B34A0C500863092 /* Debug */ = {
			isa = XCBuildConfiguration;
			buildSettings = {
				ALWAYS_SEARCH_USER_PATHS = NO;
				ASSETCATALOG_COMPILER_GENERATE_SWIFT_ASSET_SYMBOL_EXTENSIONS = YES;
				CLANG_ANALYZER_NONNULL = YES;
				CLANG_ANALYZER_NUMBER_OBJECT_CONVERSION = YES_AGGRESSIVE;
				CLANG_CXX_LANGUAGE_STANDARD = "gnu++20";
				CLANG_ENABLE_MODULES = YES;
				CLANG_ENABLE_OBJC_ARC = YES;
				CLANG_ENABLE_OBJC_WEAK = YES;
				CLANG_WARN_BLOCK_CAPTURE_AUTORELEASING = YES;
				CLANG_WARN_BOOL_CONVERSION = YES;
				CLANG_WARN_COMMA = YES;
				CLANG_WARN_CONSTANT_CONVERSION = YES;
				CLANG_WARN_DEPRECATED_OBJC_IMPLEMENTATIONS = YES;
				CLANG_WARN_DIRECT_OBJC_ISA_USAGE = YES_ERROR;
				CLANG_WARN_DOCUMENTATION_COMMENTS = YES;
				CLANG_WARN_EMPTY_BODY = YES;
				CLANG_WARN_ENUM_CONVERSION = YES;
				CLANG_WARN_INFINITE_RECURSION = YES;
				CLANG_WARN_INT_CONVERSION = YES;
				CLANG_WARN_NON_LITERAL_NULL_CONVERSION = YES;
				CLANG_WARN_OBJC_IMPLICIT_RETAIN_SELF = YES;
				CLANG_WARN_OBJC_LITERAL_CONVERSION = YES;
				CLANG_WARN_OBJC_ROOT_CLASS = YES_ERROR;
				CLANG_WARN_QUOTED_INCLUDE_IN_FRAMEWORK_HEADER = YES;
				CLANG_WARN_RANGE_LOOP_ANALYSIS = YES;
				CLANG_WARN_STRICT_PROTOTYPES = YES;
				CLANG_WARN_SUSPICIOUS_MOVE = YES;
				CLANG_WARN_UNGUARDED_AVAILABILITY = YES_AGGRESSIVE;
				CLANG_WARN_UNREACHABLE_CODE = YES;
				CLANG_WARN__DUPLICATE_METHOD_MATCH = YES;
				COPY_PHASE_STRIP = NO;
				DEBUG_INFORMATION_FORMAT = dwarf;
				ENABLE_STRICT_OBJC_MSGSEND = YES;
				ENABLE_TESTABILITY = YES;
				ENABLE_USER_SCRIPT_SANDBOXING = YES;
				GCC_C_LANGUAGE_STANDARD = gnu17;
				GCC_DYNAMIC_NO_PIC = NO;
				GCC_NO_COMMON_BLOCKS = YES;
				GCC_OPTIMIZATION_LEVEL = 0;
				GCC_PREPROCESSOR_DEFINITIONS = (
					"DEBUG=1",
					"$(inherited)",
				);
				GCC_WARN_64_TO_32_BIT_CONVERSION = YES;
				GCC_WARN_ABOUT_RETURN_TYPE = YES_ERROR;
				GCC_WARN_UNDECLARED_SELECTOR = YES;
				GCC_WARN_UNINITIALIZED_AUTOS = YES_AGGRESSIVE;
				GCC_WARN_UNUSED_FUNCTION = YES;
				GCC_WARN_UNUSED_VARIABLE = YES;
				IPHONEOS_DEPLOYMENT_TARGET = 17.0;
				LOCALIZATION_PREFERS_STRING_CATALOGS = YES;
				MTL_ENABLE_DEBUG_INFO = INCLUDE_SOURCE;
				MTL_FAST_MATH = YES;
				ONLY_ACTIVE_ARCH = YES;
				SDKROOT = iphoneos;
				SWIFT_ACTIVE_COMPILATION_CONDITIONS = "DEBUG $(inherited)";
				SWIFT_OPTIMIZATION_LEVEL = "-Onone";
				SWIFT_VERSION = 5.0;
			};
			name = Debug;
		};
		F9DB505F2B34A0C500863092 /* Release */ = {
			isa = XCBuildConfiguration;
			buildSettings = {
				ALWAYS_SEARCH_USER_PATHS = NO;
				ASSETCATALOG_COMPILER_GENERATE_SWIFT_ASSET_SYMBOL_EXTENSIONS = YES;
				CLANG_ANALYZER_NONNULL = YES;
				CLANG_ANALYZER_NUMBER_OBJECT_CONVERSION = YES_AGGRESSIVE;
				CLANG_CXX_LANGUAGE_STANDARD = "gnu++20";
				CLANG_ENABLE_MODULES = YES;
				CLANG_ENABLE_OBJC_ARC = YES;
				CLANG_ENABLE_OBJC_WEAK = YES;
				CLANG_WARN_BLOCK_CAPTURE_AUTORELEASING = YES;
				CLANG_WARN_BOOL_CONVERSION = YES;
				CLANG_WARN_COMMA = YES;
				CLANG_WARN_CONSTANT_CONVERSION = YES;
				CLANG_WARN_DEPRECATED_OBJC_IMPLEMENTATIONS = YES;
				CLANG_WARN_DIRECT_OBJC_ISA_USAGE = YES_ERROR;
				CLANG_WARN_DOCUMENTATION_COMMENTS = YES;
				CLANG_WARN_EMPTY_BODY = YES;
				CLANG_WARN_ENUM_CONVERSION = YES;
				CLANG_WARN_INFINITE_RECURSION = YES;
				CLANG_WARN_INT_CONVERSION = YES;
				CLANG_WARN_NON_LITERAL_NULL_CONVERSION = YES;
				CLANG_WARN_OBJC_IMPLICIT_RETAIN_SELF = YES;
				CLANG_WARN_OBJC_LITERAL_CONVERSION = YES;
				CLANG_WARN_OBJC_ROOT_CLASS = YES_ERROR;
				CLANG_WARN_QUOTED_INCLUDE_IN_FRAMEWORK_HEADER = YES;
				CLANG_WARN_RANGE_LOOP_ANALYSIS = YES;
				CLANG_WARN_STRICT_PROTOTYPES = YES;
				CLANG_WARN_SUSPICIOUS_MOVE = YES;
				CLANG_WARN_UNGUARDED_AVAILABILITY = YES_AGGRESSIVE;
				CLANG_WARN_UNREACHABLE_CODE = YES;
				CLANG_WARN__DUPLICATE_METHOD_MATCH = YES;
				COPY_PHASE_STRIP = NO;
				DEBUG_INFORMATION_FORMAT = "dwarf-with-dsym";
				ENABLE_NS_ASSERTIONS = NO;
				ENABLE_STRICT_OBJC_MSGSEND = YES;
				ENABLE_USER_SCRIPT_SANDBOXING = YES;
				GCC_C_LANGUAGE_STANDARD = gnu17;
				GCC_NO_COMMON_BLOCKS = YES;
				GCC_WARN_64_TO_32_BIT_CONVERSION = YES;
				GCC_WARN_ABOUT_RETURN_TYPE = YES_ERROR;
				GCC_WARN_UNDECLARED_SELECTOR = YES;
				GCC_WARN_UNINITIALIZED_AUTOS = YES_AGGRESSIVE;
				GCC_WARN_UNUSED_FUNCTION = YES;
				GCC_WARN_UNUSED_VARIABLE = YES;
				IPHONEOS_DEPLOYMENT_TARGET = 17.0;
				LOCALIZATION_PREFERS_STRING_CATALOGS = YES;
				MTL_ENABLE_DEBUG_INFO = NO;
				MTL_FAST_MATH = YES;
				SDKROOT = iphoneos;
				SWIFT_COMPILATION_MODE = wholemodule;
				SWIFT_VERSION = 5.0;
				VALIDATE_PRODUCT = YES;
			};
			name = Release;
		};
		F9DB50612B34A0C500863092 /* Debug */ = {
			isa = XCBuildConfiguration;
			buildSettings = {
				ASSETCATALOG_COMPILER_APPICON_NAME = AppIcon;
				ASSETCATALOG_COMPILER_GLOBAL_ACCENT_COLOR_NAME = AccentColor;
				CODE_SIGN_STYLE = Automatic;
				CURRENT_PROJECT_VERSION = 1;
				DEVELOPMENT_ASSET_PATHS = "\"WeatherApp/Preview Content\"";
				DEVELOPMENT_TEAM = 46PN3P9BJ8;
				ENABLE_PREVIEWS = YES;
				GENERATE_INFOPLIST_FILE = YES;
				INFOPLIST_KEY_UIApplicationSceneManifest_Generation = YES;
				INFOPLIST_KEY_UIApplicationSupportsIndirectInputEvents = YES;
				INFOPLIST_KEY_UILaunchScreen_Generation = YES;
				INFOPLIST_KEY_UISupportedInterfaceOrientations_iPad = "UIInterfaceOrientationPortrait UIInterfaceOrientationPortraitUpsideDown UIInterfaceOrientationLandscapeLeft UIInterfaceOrientationLandscapeRight";
				INFOPLIST_KEY_UISupportedInterfaceOrientations_iPhone = "UIInterfaceOrientationPortrait UIInterfaceOrientationLandscapeLeft UIInterfaceOrientationLandscapeRight";
				LD_RUNPATH_SEARCH_PATHS = (
					"$(inherited)",
					"@executable_path/Frameworks",
				);
				MARKETING_VERSION = 1.0;
				ON_DEMAND_RESOURCES_INITIAL_INSTALL_TAGS = APIKeys;
				PRODUCT_BUNDLE_IDENTIFIER = com.my.WeatherApp;
				PRODUCT_NAME = "$(TARGET_NAME)";
				SWIFT_EMIT_LOC_STRINGS = YES;
				SWIFT_VERSION = 5.0;
				TARGETED_DEVICE_FAMILY = "1,2";
			};
			name = Debug;
		};
		F9DB50622B34A0C500863092 /* Release */ = {
			isa = XCBuildConfiguration;
			buildSettings = {
				ASSETCATALOG_COMPILER_APPICON_NAME = AppIcon;
				ASSETCATALOG_COMPILER_GLOBAL_ACCENT_COLOR_NAME = AccentColor;
				CODE_SIGN_STYLE = Automatic;
				CURRENT_PROJECT_VERSION = 1;
				DEVELOPMENT_ASSET_PATHS = "\"WeatherApp/Preview Content\"";
				DEVELOPMENT_TEAM = 46PN3P9BJ8;
				ENABLE_PREVIEWS = YES;
				GENERATE_INFOPLIST_FILE = YES;
				INFOPLIST_KEY_UIApplicationSceneManifest_Generation = YES;
				INFOPLIST_KEY_UIApplicationSupportsIndirectInputEvents = YES;
				INFOPLIST_KEY_UILaunchScreen_Generation = YES;
				INFOPLIST_KEY_UISupportedInterfaceOrientations_iPad = "UIInterfaceOrientationPortrait UIInterfaceOrientationPortraitUpsideDown UIInterfaceOrientationLandscapeLeft UIInterfaceOrientationLandscapeRight";
				INFOPLIST_KEY_UISupportedInterfaceOrientations_iPhone = "UIInterfaceOrientationPortrait UIInterfaceOrientationLandscapeLeft UIInterfaceOrientationLandscapeRight";
				LD_RUNPATH_SEARCH_PATHS = (
					"$(inherited)",
					"@executable_path/Frameworks",
				);
				MARKETING_VERSION = 1.0;
				ON_DEMAND_RESOURCES_INITIAL_INSTALL_TAGS = APIKeys;
				PRODUCT_BUNDLE_IDENTIFIER = com.my.WeatherApp;
				PRODUCT_NAME = "$(TARGET_NAME)";
				SWIFT_EMIT_LOC_STRINGS = YES;
				SWIFT_VERSION = 5.0;
				TARGETED_DEVICE_FAMILY = "1,2";
			};
			name = Release;
		};
		F9DB50642B34A0C500863092 /* Debug */ = {
			isa = XCBuildConfiguration;
			buildSettings = {
				ALWAYS_EMBED_SWIFT_STANDARD_LIBRARIES = YES;
				BUNDLE_LOADER = "$(TEST_HOST)";
				CODE_SIGN_STYLE = Automatic;
				CURRENT_PROJECT_VERSION = 1;
				DEVELOPMENT_TEAM = 46PN3P9BJ8;
				GENERATE_INFOPLIST_FILE = YES;
				IPHONEOS_DEPLOYMENT_TARGET = 17.0;
				MARKETING_VERSION = 1.0;
				PRODUCT_BUNDLE_IDENTIFIER = com.my.WeatherAppTests;
				PRODUCT_NAME = "$(TARGET_NAME)";
				SWIFT_EMIT_LOC_STRINGS = NO;
				SWIFT_VERSION = 5.0;
				TARGETED_DEVICE_FAMILY = "1,2";
				TEST_HOST = "$(BUILT_PRODUCTS_DIR)/WeatherApp.app/$(BUNDLE_EXECUTABLE_FOLDER_PATH)/WeatherApp";
			};
			name = Debug;
		};
		F9DB50652B34A0C500863092 /* Release */ = {
			isa = XCBuildConfiguration;
			buildSettings = {
				ALWAYS_EMBED_SWIFT_STANDARD_LIBRARIES = YES;
				BUNDLE_LOADER = "$(TEST_HOST)";
				CODE_SIGN_STYLE = Automatic;
				CURRENT_PROJECT_VERSION = 1;
				DEVELOPMENT_TEAM = 46PN3P9BJ8;
				GENERATE_INFOPLIST_FILE = YES;
				IPHONEOS_DEPLOYMENT_TARGET = 17.0;
				MARKETING_VERSION = 1.0;
				PRODUCT_BUNDLE_IDENTIFIER = com.my.WeatherAppTests;
				PRODUCT_NAME = "$(TARGET_NAME)";
				SWIFT_EMIT_LOC_STRINGS = NO;
				SWIFT_VERSION = 5.0;
				TARGETED_DEVICE_FAMILY = "1,2";
				TEST_HOST = "$(BUILT_PRODUCTS_DIR)/WeatherApp.app/$(BUNDLE_EXECUTABLE_FOLDER_PATH)/WeatherApp";
			};
			name = Release;
		};
		F9DB50672B34A0C500863092 /* Debug */ = {
			isa = XCBuildConfiguration;
			buildSettings = {
				ALWAYS_EMBED_SWIFT_STANDARD_LIBRARIES = YES;
				CODE_SIGN_STYLE = Automatic;
				CURRENT_PROJECT_VERSION = 1;
				DEVELOPMENT_TEAM = 46PN3P9BJ8;
				GENERATE_INFOPLIST_FILE = YES;
				MARKETING_VERSION = 1.0;
				PRODUCT_BUNDLE_IDENTIFIER = com.my.WeatherAppUITests;
				PRODUCT_NAME = "$(TARGET_NAME)";
				SWIFT_EMIT_LOC_STRINGS = NO;
				SWIFT_VERSION = 5.0;
				TARGETED_DEVICE_FAMILY = "1,2";
				TEST_TARGET_NAME = WeatherApp;
			};
			name = Debug;
		};
		F9DB50682B34A0C500863092 /* Release */ = {
			isa = XCBuildConfiguration;
			buildSettings = {
				ALWAYS_EMBED_SWIFT_STANDARD_LIBRARIES = YES;
				CODE_SIGN_STYLE = Automatic;
				CURRENT_PROJECT_VERSION = 1;
				DEVELOPMENT_TEAM = 46PN3P9BJ8;
				GENERATE_INFOPLIST_FILE = YES;
				MARKETING_VERSION = 1.0;
				PRODUCT_BUNDLE_IDENTIFIER = com.my.WeatherAppUITests;
				PRODUCT_NAME = "$(TARGET_NAME)";
				SWIFT_EMIT_LOC_STRINGS = NO;
				SWIFT_VERSION = 5.0;
				TARGETED_DEVICE_FAMILY = "1,2";
				TEST_TARGET_NAME = WeatherApp;
			};
			name = Release;
		};
/* End XCBuildConfiguration section */

/* Begin XCConfigurationList section */
		F9DB50372B34A0C300863092 /* Build configuration list for PBXProject "WeatherApp" */ = {
			isa = XCConfigurationList;
			buildConfigurations = (
				F9DB505E2B34A0C500863092 /* Debug */,
				F9DB505F2B34A0C500863092 /* Release */,
			);
			defaultConfigurationIsVisible = 0;
			defaultConfigurationName = Release;
		};
		F9DB50602B34A0C500863092 /* Build configuration list for PBXNativeTarget "WeatherApp" */ = {
			isa = XCConfigurationList;
			buildConfigurations = (
				F9DB50612B34A0C500863092 /* Debug */,
				F9DB50622B34A0C500863092 /* Release */,
			);
			defaultConfigurationIsVisible = 0;
			defaultConfigurationName = Release;
		};
		F9DB50632B34A0C500863092 /* Build configuration list for PBXNativeTarget "WeatherAppTests" */ = {
			isa = XCConfigurationList;
			buildConfigurations = (
				F9DB50642B34A0C500863092 /* Debug */,
				F9DB50652B34A0C500863092 /* Release */,
			);
			defaultConfigurationIsVisible = 0;
			defaultConfigurationName = Release;
		};
		F9DB50662B34A0C500863092 /* Build configuration list for PBXNativeTarget "WeatherAppUITests" */ = {
			isa = XCConfigurationList;
			buildConfigurations = (
				F9DB50672B34A0C500863092 /* Debug */,
				F9DB50682B34A0C500863092 /* Release */,
			);
			defaultConfigurationIsVisible = 0;
			defaultConfigurationName = Release;
		};
/* End XCConfigurationList section */

/* Begin XCRemoteSwiftPackageReference section */
		F963DCC12B35B837001373A1 /* XCRemoteSwiftPackageReference "Alamofire" */ = {
			isa = XCRemoteSwiftPackageReference;
			repositoryURL = "https://github.com/Alamofire/Alamofire?tab=readme-ov-file";
			requirement = {
				kind = upToNextMajorVersion;
				minimumVersion = 5.8.1;
			};
		};
/* End XCRemoteSwiftPackageReference section */

/* Begin XCSwiftPackageProductDependency section */
		F963DCC22B35B837001373A1 /* Alamofire */ = {
			isa = XCSwiftPackageProductDependency;
			package = F963DCC12B35B837001373A1 /* XCRemoteSwiftPackageReference "Alamofire" */;
			productName = Alamofire;
		};
/* End XCSwiftPackageProductDependency section */
	};
	rootObject = F9DB50342B34A0C300863092 /* Project object */;
}
